
Microsoft Visual Studio Solution File, Format Version 12.00
# Visual Studio Version 16
VisualStudioVersion = 16.0.30621.155
MinimumVisualStudioVersion = 10.0.40219.1
Project("{FAE04EC0-301F-11D3-BF4B-00C04F79EFBC}") = "BattleSim", "BattleSim\BattleSim.csproj", "{EEE76802-CAA7-4DF2-B893-9A34F64BC99B}"
EndProject
Global
	GlobalSection(SolutionConfigurationPlatforms) = preSolution
		Debug|Any CPU = Debug|Any CPU
		Release|Any CPU = Release|Any CPU
	EndGlobalSection
	GlobalSection(ProjectConfigurationPlatforms) = postSolution
		{EEE76802-CAA7-4DF2-B893-9A34F64BC99B}.Debug|Any CPU.ActiveCfg = Debug|Any CPU
		{EEE76802-CAA7-4DF2-B893-9A34F64BC99B}.Debug|Any CPU.Build.0 = Debug|Any CPU
		{EEE76802-CAA7-4DF2-B893-9A34F64BC99B}.Release|Any CPU.ActiveCfg = Release|Any CPU
		{EEE76802-CAA7-4DF2-B893-9A34F64BC99B}.Release|Any CPU.Build.0 = Release|Any CPU
	EndGlobalSection
	GlobalSection(SolutionProperties) = preSolution
		HideSolutionNode = FALSE
	EndGlobalSection
	GlobalSection(ExtensibilityGlobals) = postSolution
		SolutionGuid = {9A16F192-5CF3-4FA9-A17F-DD32FCE05C61}
	EndGlobalSection
EndGlobal
